
Microsoft Visual Studio Solution File, Format Version 12.00
# Visual Studio 15
VisualStudioVersion = 15.0.28010.2046
MinimumVisualStudioVersion = 10.0.40219.1
Project("{FAE04EC0-301F-11D3-BF4B-00C04F79EFBC}") = "ConsoleApp12", "ConsoleApp12\ConsoleApp12.csproj", "{4AD328CB-2B8E-463F-A93C-0159F4A05F60}"
EndProject
Global
	GlobalSection(SolutionConfigurationPlatforms) = preSolution
		Debug|Any CPU = Debug|Any CPU
		Release|Any CPU = Release|Any CPU
	EndGlobalSection
	GlobalSection(ProjectConfigurationPlatforms) = postSolution
		{4AD328CB-2B8E-463F-A93C-0159F4A05F60}.Debug|Any CPU.ActiveCfg = Debug|Any CPU
		{4AD328CB-2B8E-463F-A93C-0159F4A05F60}.Debug|Any CPU.Build.0 = Debug|Any CPU
		{4AD328CB-2B8E-463F-A93C-0159F4A05F60}.Release|Any CPU.ActiveCfg = Release|Any CPU
		{4AD328CB-2B8E-463F-A93C-0159F4A05F60}.Release|Any CPU.Build.0 = Release|Any CPU
	EndGlobalSection
	GlobalSection(SolutionProperties) = preSolution
		HideSolutionNode = FALSE
	EndGlobalSection
	GlobalSection(ExtensibilityGlobals) = postSolution
		SolutionGuid = {E6D6F3BA-916D-4B13-9B67-20423F65110D}
	EndGlobalSection
EndGlobal
